
Microsoft Visual Studio Solution File, Format Version 12.00
# Visual Studio Version 17
VisualStudioVersion = 17.0.31903.59
MinimumVisualStudioVersion = 10.0.40219.1
Project("{FAE04EC0-301F-11D3-BF4B-00C04F79EFBC}") = "Sapiforge.API", "Sapiforge.API\Sapiforge.API.csproj", "{DDD15664-7C1C-4451-A417-569C77A47528}"
EndProject
Project("{FAE04EC0-301F-11D3-BF4B-00C04F79EFBC}") = "Sapiforge.Domain", "Sapiforge.Domain\Sapiforge.Domain.csproj", "{E900C0C3-E67E-4387-A86E-B49FF905E042}"
EndProject
Project("{FAE04EC0-301F-11D3-BF4B-00C04F79EFBC}") = "Sapiforge.Service", "Sapiforge.Service\Sapiforge.Service.csproj", "{A80B8FAC-B326-4A57-AAE9-D532E5203670}"
EndProject
Project("{FAE04EC0-301F-11D3-BF4B-00C04F79EFBC}") = "Sapiforge.Data", "Sapiforge.Data\Sapiforge.Data.csproj", "{56AE0707-E156-4826-880C-38E1AE874748}"
EndProject
Global
	GlobalSection(SolutionConfigurationPlatforms) = preSolution
		Debug|Any CPU = Debug|Any CPU
		Debug|x64 = Debug|x64
		Debug|x86 = Debug|x86
		Release|Any CPU = Release|Any CPU
		Release|x64 = Release|x64
		Release|x86 = Release|x86
	EndGlobalSection
	GlobalSection(ProjectConfigurationPlatforms) = postSolution
		{DDD15664-7C1C-4451-A417-569C77A47528}.Debug|Any CPU.ActiveCfg = Debug|Any CPU
		{DDD15664-7C1C-4451-A417-569C77A47528}.Debug|Any CPU.Build.0 = Debug|Any CPU
		{DDD15664-7C1C-4451-A417-569C77A47528}.Debug|x64.ActiveCfg = Debug|Any CPU
		{DDD15664-7C1C-4451-A417-569C77A47528}.Debug|x64.Build.0 = Debug|Any CPU
		{DDD15664-7C1C-4451-A417-569C77A47528}.Debug|x86.ActiveCfg = Debug|Any CPU
		{DDD15664-7C1C-4451-A417-569C77A47528}.Debug|x86.Build.0 = Debug|Any CPU
		{DDD15664-7C1C-4451-A417-569C77A47528}.Release|Any CPU.ActiveCfg = Release|Any CPU
		{DDD15664-7C1C-4451-A417-569C77A47528}.Release|Any CPU.Build.0 = Release|Any CPU
		{DDD15664-7C1C-4451-A417-569C77A47528}.Release|x64.ActiveCfg = Release|Any CPU
		{DDD15664-7C1C-4451-A417-569C77A47528}.Release|x64.Build.0 = Release|Any CPU
		{DDD15664-7C1C-4451-A417-569C77A47528}.Release|x86.ActiveCfg = Release|Any CPU
		{DDD15664-7C1C-4451-A417-569C77A47528}.Release|x86.Build.0 = Release|Any CPU
		{E900C0C3-E67E-4387-A86E-B49FF905E042}.Debug|Any CPU.ActiveCfg = Debug|Any CPU
		{E900C0C3-E67E-4387-A86E-B49FF905E042}.Debug|Any CPU.Build.0 = Debug|Any CPU
		{E900C0C3-E67E-4387-A86E-B49FF905E042}.Debug|x64.ActiveCfg = Debug|Any CPU
		{E900C0C3-E67E-4387-A86E-B49FF905E042}.Debug|x64.Build.0 = Debug|Any CPU
		{E900C0C3-E67E-4387-A86E-B49FF905E042}.Debug|x86.ActiveCfg = Debug|Any CPU
		{E900C0C3-E67E-4387-A86E-B49FF905E042}.Debug|x86.Build.0 = Debug|Any CPU
		{E900C0C3-E67E-4387-A86E-B49FF905E042}.Release|Any CPU.ActiveCfg = Release|Any CPU
		{E900C0C3-E67E-4387-A86E-B49FF905E042}.Release|Any CPU.Build.0 = Release|Any CPU
		{E900C0C3-E67E-4387-A86E-B49FF905E042}.Release|x64.ActiveCfg = Release|Any CPU
		{E900C0C3-E67E-4387-A86E-B49FF905E042}.Release|x64.Build.0 = Release|Any CPU
		{E900C0C3-E67E-4387-A86E-B49FF905E042}.Release|x86.ActiveCfg = Release|Any CPU
		{E900C0C3-E67E-4387-A86E-B49FF905E042}.Release|x86.Build.0 = Release|Any CPU
		{A80B8FAC-B326-4A57-AAE9-D532E5203670}.Debug|Any CPU.ActiveCfg = Debug|Any CPU
		{A80B8FAC-B326-4A57-AAE9-D532E5203670}.Debug|Any CPU.Build.0 = Debug|Any CPU
		{A80B8FAC-B326-4A57-AAE9-D532E5203670}.Debug|x64.ActiveCfg = Debug|Any CPU
		{A80B8FAC-B326-4A57-AAE9-D532E5203670}.Debug|x64.Build.0 = Debug|Any CPU
		{A80B8FAC-B326-4A57-AAE9-D532E5203670}.Debug|x86.ActiveCfg = Debug|Any CPU
		{A80B8FAC-B326-4A57-AAE9-D532E5203670}.Debug|x86.Build.0 = Debug|Any CPU
		{A80B8FAC-B326-4A57-AAE9-D532E5203670}.Release|Any CPU.ActiveCfg = Release|Any CPU
		{A80B8FAC-B326-4A57-AAE9-D532E5203670}.Release|Any CPU.Build.0 = Release|Any CPU
		{A80B8FAC-B326-4A57-AAE9-D532E5203670}.Release|x64.ActiveCfg = Release|Any CPU
		{A80B8FAC-B326-4A57-AAE9-D532E5203670}.Release|x64.Build.0 = Release|Any CPU
		{A80B8FAC-B326-4A57-AAE9-D532E5203670}.Release|x86.ActiveCfg = Release|Any CPU
		{A80B8FAC-B326-4A57-AAE9-D532E5203670}.Release|x86.Build.0 = Release|Any CPU
		{56AE0707-E156-4826-880C-38E1AE874748}.Debug|Any CPU.ActiveCfg = Debug|Any CPU
		{56AE0707-E156-4826-880C-38E1AE874748}.Debug|Any CPU.Build.0 = Debug|Any CPU
		{56AE0707-E156-4826-880C-38E1AE874748}.Debug|x64.ActiveCfg = Debug|Any CPU
		{56AE0707-E156-4826-880C-38E1AE874748}.Debug|x64.Build.0 = Debug|Any CPU
		{56AE0707-E156-4826-880C-38E1AE874748}.Debug|x86.ActiveCfg = Debug|Any CPU
		{56AE0707-E156-4826-880C-38E1AE874748}.Debug|x86.Build.0 = Debug|Any CPU
		{56AE0707-E156-4826-880C-38E1AE874748}.Release|Any CPU.ActiveCfg = Release|Any CPU
		{56AE0707-E156-4826-880C-38E1AE874748}.Release|Any CPU.Build.0 = Release|Any CPU
		{56AE0707-E156-4826-880C-38E1AE874748}.Release|x64.ActiveCfg = Release|Any CPU
		{56AE0707-E156-4826-880C-38E1AE874748}.Release|x64.Build.0 = Release|Any CPU
		{56AE0707-E156-4826-880C-38E1AE874748}.Release|x86.ActiveCfg = Release|Any CPU
		{56AE0707-E156-4826-880C-38E1AE874748}.Release|x86.Build.0 = Release|Any CPU
	EndGlobalSection
	GlobalSection(SolutionProperties) = preSolution
		HideSolutionNode = FALSE
	EndGlobalSection
EndGlobal
